
Microsoft Visual Studio Solution File, Format Version 12.00
# Visual Studio 15
VisualStudioVersion = 15.0.27703.2026
MinimumVisualStudioVersion = 10.0.40219.1
Project("{FAE04EC0-301F-11D3-BF4B-00C04F79EFBC}") = "CopyFolder", "CopyFolder\CopyFolder.csproj", "{98A3C34E-DAF3-49C4-BB22-373352A0B194}"
EndProject
Global
	GlobalSection(SolutionConfigurationPlatforms) = preSolution
		Debug|Any CPU = Debug|Any CPU
		Release|Any CPU = Release|Any CPU
	EndGlobalSection
	GlobalSection(ProjectConfigurationPlatforms) = postSolution
		{98A3C34E-DAF3-49C4-BB22-373352A0B194}.Debug|Any CPU.ActiveCfg = Debug|Any CPU
		{98A3C34E-DAF3-49C4-BB22-373352A0B194}.Debug|Any CPU.Build.0 = Debug|Any CPU
		{98A3C34E-DAF3-49C4-BB22-373352A0B194}.Release|Any CPU.ActiveCfg = Release|Any CPU
		{98A3C34E-DAF3-49C4-BB22-373352A0B194}.Release|Any CPU.Build.0 = Release|Any CPU
	EndGlobalSection
	GlobalSection(SolutionProperties) = preSolution
		HideSolutionNode = FALSE
	EndGlobalSection
	GlobalSection(ExtensibilityGlobals) = postSolution
		SolutionGuid = {4C085434-06FA-459A-8894-87C6E0611A18}
	EndGlobalSection
EndGlobal
